{
  "nodes": {
    "crane": {
      "inputs": {
        "nixpkgs": [
          "nixpkgs"
        ]
      },
      "locked": {
        "lastModified": 1719880336,
        "narHash": "sha256-VnUCaGI7FEh7tLVsD6OsychPmqjDYXqJEdFG4jK86zs=",
        "owner": "ipetkov",
        "repo": "crane",
        "rev": "047c929ad65d8378f18de95ca66769ca04161caf",
        "type": "github"
      },
      "original": {
        "owner": "ipetkov",
        "repo": "crane",
        "type": "github"
      }
    },
    "disko": {
      "inputs": {
        "nixpkgs": [
          "nixpkgs"
        ]
      },
      "locked": {
        "lastModified": 1719864345,
        "narHash": "sha256-e4Pw+30vFAxuvkSTaTypd9zYemB/QlWcH186dsGT+Ms=",
        "owner": "nix-community",
        "repo": "disko",
        "rev": "544a80a69d6e2da04e4df7ec8210a858de8c7533",
        "type": "github"
      },
      "original": {
        "owner": "nix-community",
        "repo": "disko",
        "type": "github"
      }
    },
    "flake-parts": {
      "inputs": {
        "nixpkgs-lib": [
          "nixosAnywhere",
          "nixpkgs"
        ]
      },
      "locked": {
        "lastModified": 1717285511,
        "narHash": "sha256-iKzJcpdXih14qYVcZ9QC9XuZYnPc6T8YImb6dX166kw=",
        "owner": "hercules-ci",
        "repo": "flake-parts",
        "rev": "2a55567fcf15b1b1c7ed712a2c6fadaec7412ea8",
        "type": "github"
      },
      "original": {
        "owner": "hercules-ci",
        "repo": "flake-parts",
        "type": "github"
      }
    },
    "flake-utils": {
      "inputs": {
        "systems": "systems"
      },
      "locked": {
        "lastModified": 1710146030,
        "narHash": "sha256-SZ5L6eA7HJ/nmkzGG7/ISclqe6oZdOZTNoesiInkXPQ=",
        "owner": "numtide",
        "repo": "flake-utils",
        "rev": "b1d9ab70662946ef0850d488da1c9019f3a9752a",
        "type": "github"
      },
      "original": {
        "owner": "numtide",
        "repo": "flake-utils",
        "type": "github"
      }
    },
    "home-manager": {
      "inputs": {
        "nixpkgs": [
          "nixpkgs"
        ]
      },
      "locked": {
        "lastModified": 1719827385,
        "narHash": "sha256-qs+nU20Sm8czHg3bhGCqiH+8e13BJyRrKONW34g3i50=",
        "owner": "nix-community",
        "repo": "home-manager",
        "rev": "391ca6e950c2525b4f853cbe29922452c14eda82",
        "type": "github"
      },
      "original": {
        "owner": "nix-community",
        "ref": "release-24.05",
        "repo": "home-manager",
        "type": "github"
      }
    },
    "jump": {
      "inputs": {
        "crane": [
          "crane"
        ],
        "flake-utils": [
          "flake-utils"
        ],
        "nixpkgs": [
          "nixpkgs"
        ],
        "rust-overlay": [
          "rust-overlay"
        ]
      },
      "locked": {
        "lastModified": 1713431148,
        "narHash": "sha256-K2TlQlQBlEd3TO80jI+16vL0NVUoDoSLGKW99LTwVB8=",
        "owner": "joshuachp",
        "repo": "jump",
        "rev": "f7ca9664970b3645a44dd27b3a2e620b71028898",
        "type": "github"
      },
      "original": {
        "owner": "joshuachp",
        "repo": "jump",
        "type": "github"
      }
    },
    "neovimConfig": {
      "inputs": {
        "flake-utils": [
          "flake-utils"
        ],
        "nixpkgs": [
          "nixpkgs-unstable"
        ],
        "nvimTreesitter": "nvimTreesitter"
      },
      "locked": {
        "lastModified": 1719837871,
        "narHash": "sha256-PaNbzEL2lb39n9mREWbjRSp0dFDnllzWyFlaI0CTT3w=",
        "owner": "joshuachp",
        "repo": "neovim-config",
        "rev": "2ec11ab3afe0b3d38efcfbf07c6b1c06aefeddc6",
        "type": "github"
      },
      "original": {
        "owner": "joshuachp",
        "repo": "neovim-config",
        "type": "github"
      }
    },
    "nix-index-database": {
      "inputs": {
        "nixpkgs": [
          "nixpkgs"
        ]
      },
      "locked": {
        "lastModified": 1719832725,
        "narHash": "sha256-dr8DkeS74KVNTgi8BE0BiUKALb+EKlMIV86G2xPYO64=",
        "owner": "Mic92",
        "repo": "nix-index-database",
        "rev": "2917972ed34ce292309b3a4976286f8b5c08db27",
        "type": "github"
      },
      "original": {
        "owner": "Mic92",
        "repo": "nix-index-database",
        "type": "github"
      }
    },
    "nixgl": {
      "inputs": {
        "flake-utils": [
          "flake-utils"
        ],
        "nixpkgs": [
          "nixpkgs"
        ]
      },
      "locked": {
        "lastModified": 1713543440,
        "narHash": "sha256-lnzZQYG0+EXl/6NkGpyIz+FEOc/DSEG57AP1VsdeNrM=",
        "owner": "guibou",
        "repo": "nixGL",
        "rev": "310f8e49a149e4c9ea52f1adf70cdc768ec53f8a",
        "type": "github"
      },
      "original": {
        "owner": "guibou",
        "repo": "nixGL",
        "type": "github"
      }
    },
    "nixos-hardware": {
      "locked": {
        "lastModified": 1719895800,
        "narHash": "sha256-xNbjISJTFailxass4LmdWeV4jNhAlmJPwj46a/GxE6M=",
        "owner": "NixOS",
        "repo": "nixos-hardware",
        "rev": "6e253f12b1009053eff5344be5e835f604bb64cd",
        "type": "github"
      },
      "original": {
        "owner": "NixOS",
        "repo": "nixos-hardware",
        "type": "github"
      }
    },
    "nixos-images": {
      "inputs": {
        "nixos-stable": [
          "nixosAnywhere",
          "nixos-stable"
        ],
        "nixos-unstable": [
          "nixosAnywhere",
          "nixpkgs"
        ]
      },
      "locked": {
        "lastModified": 1717994219,
        "narHash": "sha256-ueTu01bYU5QXdL77psMkApYHpk339xNHg/M7ZzP3uPI=",
        "owner": "nix-community",
        "repo": "nixos-images",
        "rev": "e2fd329c3a39a90bb43e1e2cf47c180ed57831bf",
        "type": "github"
      },
      "original": {
        "owner": "nix-community",
        "repo": "nixos-images",
        "type": "github"
      }
    },
    "nixos-stable": {
      "locked": {
        "lastModified": 1717696253,
        "narHash": "sha256-1+ua0ggXlYYPLTmMl3YeYYsBXDSCqT+Gw3u6l4gvMhA=",
        "owner": "NixOS",
        "repo": "nixpkgs",
        "rev": "9b5328b7f761a7bbdc0e332ac4cf076a3eedb89b",
        "type": "github"
      },
      "original": {
        "owner": "NixOS",
        "ref": "nixos-24.05",
        "repo": "nixpkgs",
        "type": "github"
      }
    },
    "nixosAnywhere": {
      "inputs": {
        "disko": [
          "disko"
        ],
        "flake-parts": "flake-parts",
        "nixos-images": "nixos-images",
        "nixos-stable": "nixos-stable",
        "nixpkgs": [
          "nixpkgs"
        ],
        "treefmt-nix": "treefmt-nix"
      },
      "locked": {
        "lastModified": 1719852663,
        "narHash": "sha256-83rF68wdvOc9iyHSIxlgk/PMoFXilIYabOxC+meamyo=",
        "owner": "numtide",
        "repo": "nixos-anywhere",
        "rev": "f99d120b3788a286989db4e592a698f5d310d2f6",
        "type": "github"
      },
      "original": {
        "owner": "numtide",
        "repo": "nixos-anywhere",
        "type": "github"
      }
    },
    "nixpkgs": {
      "locked": {
        "lastModified": 1719838683,
        "narHash": "sha256-Zw9rQjHz1ilNIimEXFeVa1ERNRBF8DoXDhLAZq5B4pE=",
        "owner": "nixos",
        "repo": "nixpkgs",
        "rev": "d032c1a6dfad4eedec7e35e91986becc699d7d69",
        "type": "github"
      },
      "original": {
        "owner": "nixos",
        "ref": "nixos-24.05",
        "repo": "nixpkgs",
        "type": "github"
      }
    },
    "nixpkgs-stable": {
      "locked": {
        "lastModified": 1719663039,
        "narHash": "sha256-tXlrgAQygNIy49LDVFuPXlWD2zTQV9/F8pfoqwwPJyo=",
        "owner": "NixOS",
        "repo": "nixpkgs",
        "rev": "4a1e673523344f6ccc84b37f4413ad74ea19a119",
        "type": "github"
      },
      "original": {
        "owner": "NixOS",
        "ref": "release-23.11",
        "repo": "nixpkgs",
        "type": "github"
      }
    },
    "nixpkgs-unstable": {
      "locked": {
        "lastModified": 1719848872,
        "narHash": "sha256-H3+EC5cYuq+gQW8y0lSrrDZfH71LB4DAf+TDFyvwCNA=",
        "owner": "nixos",
        "repo": "nixpkgs",
        "rev": "00d80d13810dbfea8ab4ed1009b09100cca86ba8",
        "type": "github"
      },
      "original": {
        "owner": "nixos",
        "ref": "nixos-unstable",
        "repo": "nixpkgs",
        "type": "github"
      }
    },
    "note": {
      "inputs": {
        "crane": [
          "crane"
        ],
        "flake-utils": [
          "flake-utils"
        ],
        "nixpkgs": [
          "nixpkgs"
        ],
        "rust-overlay": [
          "rust-overlay"
        ]
      },
      "locked": {
        "lastModified": 1718898305,
        "narHash": "sha256-l7v188ifsouDYDfQM2syZkdEse2H5EeFqKouG4CKh3M=",
        "owner": "joshuachp",
        "repo": "note",
        "rev": "65272d10de863484715adeec2c47dabce1cf2c71",
        "type": "github"
      },
      "original": {
        "owner": "joshuachp",
        "repo": "note",
        "type": "github"
      }
    },
    "nvimTreesitter": {
      "flake": false,
      "locked": {
        "lastModified": 1719735746,
        "narHash": "sha256-x4PnFXA3SSZfChSquYMCkdUhLCqqgTB063hJKSdChT0=",
        "owner": "nvim-treesitter",
        "repo": "nvim-treesitter",
        "rev": "7ff0b8d3d21b15eb7231fcbd2acfded8987f5efd",
        "type": "github"
      },
      "original": {
        "owner": "nvim-treesitter",
        "repo": "nvim-treesitter",
        "type": "github"
      }
    },
    "privateConf": {
      "inputs": {
        "flake-utils": [
          "flake-utils"
        ],
        "nixpkgs": [
          "nixpkgs"
        ],
        "sops-nix": "sops-nix"
      },
      "locked": {
        "lastModified": 1719937448,
        "narHash": "sha256-U6gbzrn4OM6nfLRQg8yjuX0N9HsegQAX7FlT5+NHSGw=",
        "owner": "joshuachp",
        "repo": "nixos-private-config",
        "rev": "7cc35f19b871d767f5852f6f1bf252d10d5118eb",
        "type": "github"
      },
      "original": {
        "owner": "joshuachp",
        "repo": "nixos-private-config",
        "type": "github"
      }
    },
    "root": {
      "inputs": {
        "crane": "crane",
        "disko": "disko",
        "flake-utils": "flake-utils",
        "home-manager": "home-manager",
        "jump": "jump",
        "neovimConfig": "neovimConfig",
        "nix-index-database": "nix-index-database",
        "nixgl": "nixgl",
        "nixos-hardware": "nixos-hardware",
        "nixosAnywhere": "nixosAnywhere",
        "nixpkgs": "nixpkgs",
        "nixpkgs-unstable": "nixpkgs-unstable",
        "note": "note",
        "privateConf": "privateConf",
        "rust-overlay": "rust-overlay",
        "tools": "tools"
      }
    },
    "rust-overlay": {
      "inputs": {
        "nixpkgs": [
          "nixpkgs"
        ]
      },
      "locked": {
        "lastModified": 1719973106,
        "narHash": "sha256-IGCdN/m7DfwUfxZjFnlTiTtpwSHCb01P/LWavAKD2jw=",
        "owner": "oxalica",
        "repo": "rust-overlay",
        "rev": "fb733500aead50880b9b301f34a0061bf997d6f2",
        "type": "github"
      },
      "original": {
        "owner": "oxalica",
        "repo": "rust-overlay",
        "type": "github"
      }
    },
    "sops-nix": {
      "inputs": {
        "nixpkgs": [
          "privateConf",
          "nixpkgs"
        ],
        "nixpkgs-stable": "nixpkgs-stable"
      },
      "locked": {
        "lastModified": 1719716556,
        "narHash": "sha256-KA9gy2Wkv76s4A8eLnOcdKVTygewbw3xsB8+awNMyqs=",
        "owner": "Mic92",
        "repo": "sops-nix",
        "rev": "b5974d4331fb6c893e808977a2e1a6d34b3162d6",
        "type": "github"
      },
      "original": {
        "owner": "Mic92",
        "repo": "sops-nix",
        "type": "github"
      }
    },
    "systems": {
      "locked": {
        "lastModified": 1681028828,
        "narHash": "sha256-Vy1rq5AaRuLzOxct8nz4T6wlgyUR7zLU309k9mBC768=",
        "owner": "nix-systems",
        "repo": "default",
        "rev": "da67096a3b9bf56a91d16901293e51ba5b49a27e",
        "type": "github"
      },
      "original": {
        "owner": "nix-systems",
        "repo": "default",
        "type": "github"
      }
    },
    "tools": {
      "inputs": {
        "crane": [
          "crane"
        ],
        "flake-utils": [
          "flake-utils"
        ],
        "nixpkgs": [
          "nixpkgs"
        ],
        "rust-overlay": [
          "rust-overlay"
        ]
      },
      "locked": {
        "lastModified": 1719410963,
        "narHash": "sha256-KjvnKLQZCojkURGzkpO0asIO8f5mBaGT3ZbLHAZJYKI=",
        "owner": "joshuachp",
        "repo": "tools",
        "rev": "d935a3e0e23e8baa021522d35496401e7c7d1f65",
        "type": "github"
      },
      "original": {
        "owner": "joshuachp",
        "repo": "tools",
        "type": "github"
      }
    },
    "treefmt-nix": {
      "inputs": {
        "nixpkgs": [
          "nixosAnywhere",
          "nixpkgs"
        ]
      },
      "locked": {
        "lastModified": 1717850719,
        "narHash": "sha256-npYqVg+Wk4oxnWrnVG7416fpfrlRhp/lQ6wQ4DHI8YE=",
        "owner": "numtide",
        "repo": "treefmt-nix",
        "rev": "4fc1c45a5f50169f9f29f6a98a438fb910b834ed",
        "type": "github"
      },
      "original": {
        "owner": "numtide",
        "repo": "treefmt-nix",
        "type": "github"
      }
    }
  },
  "root": "root",
  "version": 7
}
